
Microsoft Visual Studio Solution File, Format Version 12.00
# Visual Studio Version 16
VisualStudioVersion = 16.0.29926.136
MinimumVisualStudioVersion = 10.0.40219.1
Project("{FAE04EC0-301F-11D3-BF4B-00C04F79EFBC}") = "dispatch_system", "dispatch_system.csproj", "{992C246C-339D-4777-8671-CFDF3C6D6943}"
EndProject
Global
	GlobalSection(SolutionConfigurationPlatforms) = preSolution
		Debug|Any CPU = Debug|Any CPU
		Release|Any CPU = Release|Any CPU
	EndGlobalSection
	GlobalSection(ProjectConfigurationPlatforms) = postSolution
		{992C246C-339D-4777-8671-CFDF3C6D6943}.Debug|Any CPU.ActiveCfg = Debug|Any CPU
		{992C246C-339D-4777-8671-CFDF3C6D6943}.Debug|Any CPU.Build.0 = Debug|Any CPU
		{992C246C-339D-4777-8671-CFDF3C6D6943}.Release|Any CPU.ActiveCfg = Release|Any CPU
		{992C246C-339D-4777-8671-CFDF3C6D6943}.Release|Any CPU.Build.0 = Release|Any CPU
	EndGlobalSection
	GlobalSection(SolutionProperties) = preSolution
		HideSolutionNode = FALSE
	EndGlobalSection
	GlobalSection(ExtensibilityGlobals) = postSolution
		SolutionGuid = {06D2A873-550C-470E-8FAE-0D8D50281707}
	EndGlobalSection
EndGlobal
